// !$*UTF8*$!
{
	archiveVersion = 1;
	classes = {
	};
	objectVersion = 46;
	objects = {

/* Begin PBXBuildFile section */
		9CC754101CC4EBCC00BA2703 /* AppDelegate.swift in Sources */ = {isa = PBXBuildFile; fileRef = 9CC7540F1CC4EBCC00BA2703 /* AppDelegate.swift */; };
		9CC754121CC4EBCC00BA2703 /* ViewController.swift in Sources */ = {isa = PBXBuildFile; fileRef = 9CC754111CC4EBCC00BA2703 /* ViewController.swift */; };
		9CC754151CC4EBCC00BA2703 /* Main.storyboard in Resources */ = {isa = PBXBuildFile; fileRef = 9CC754131CC4EBCC00BA2703 /* Main.storyboard */; };
		9CC754171CC4EBCC00BA2703 /* Assets.xcassets in Resources */ = {isa = PBXBuildFile; fileRef = 9CC754161CC4EBCC00BA2703 /* Assets.xcassets */; };
		9CC7541A1CC4EBCC00BA2703 /* LaunchScreen.storyboard in Resources */ = {isa = PBXBuildFile; fileRef = 9CC754181CC4EBCC00BA2703 /* LaunchScreen.storyboard */; };
		9CC754251CC4EBCD00BA2703 /* SegueAdditionTests.swift in Sources */ = {isa = PBXBuildFile; fileRef = 9CC754241CC4EBCD00BA2703 /* SegueAdditionTests.swift */; };
		9CC754301CC4EBCD00BA2703 /* SegueAdditionUITests.swift in Sources */ = {isa = PBXBuildFile; fileRef = 9CC7542F1CC4EBCD00BA2703 /* SegueAdditionUITests.swift */; };
		9CE69D721CC7B0FB0098C12A /* SegueAddition.swift in Sources */ = {isa = PBXBuildFile; fileRef = 9CE69D711CC7B0FB0098C12A /* SegueAddition.swift */; };
/* End PBXBuildFile section */

/* Begin PBXContainerItemProxy section */
		9CC754211CC4EBCC00BA2703 /* PBXContainerItemProxy */ = {
			isa = PBXContainerItemProxy;
			containerPortal = 9CC754041CC4EBCC00BA2703 /* Project object */;
			proxyType = 1;
			remoteGlobalIDString = 9CC7540B1CC4EBCC00BA2703;
			remoteInfo = SegueAddition;
		};
		9CC7542C1CC4EBCD00BA2703 /* PBXContainerItemProxy */ = {
			isa = PBXContainerItemProxy;
			containerPortal = 9CC754041CC4EBCC00BA2703 /* Project object */;
			proxyType = 1;
			remoteGlobalIDString = 9CC7540B1CC4EBCC00BA2703;
			remoteInfo = SegueAddition;
		};
/* End PBXContainerItemProxy section */

/* Begin PBXFileReference section */
		9CC7540C1CC4EBCC00BA2703 /* SegueAddition.app */ = {isa = PBXFileReference; explicitFileType = wrapper.application; includeInIndex = 0; path = SegueAddition.app; sourceTree = BUILT_PRODUCTS_DIR; };
		9CC7540F1CC4EBCC00BA2703 /* AppDelegate.swift */ = {isa = PBXFileReference; lastKnownFileType = sourcecode.swift; path = AppDelegate.swift; sourceTree = "<group>"; };
		9CC754111CC4EBCC00BA2703 /* ViewController.swift */ = {isa = PBXFileReference; lastKnownFileType = sourcecode.swift; path = ViewController.swift; sourceTree = "<group>"; };
		9CC754141CC4EBCC00BA2703 /* Base */ = {isa = PBXFileReference; lastKnownFileType = file.storyboard; name = Base; path = Base.lproj/Main.storyboard; sourceTree = "<group>"; };
		9CC754161CC4EBCC00BA2703 /* Assets.xcassets */ = {isa = PBXFileReference; lastKnownFileType = folder.assetcatalog; path = Assets.xcassets; sourceTree = "<group>"; };
		9CC754191CC4EBCC00BA2703 /* Base */ = {isa = PBXFileReference; lastKnownFileType = file.storyboard; name = Base; path = Base.lproj/LaunchScreen.storyboard; sourceTree = "<group>"; };
		9CC7541B1CC4EBCC00BA2703 /* Info.plist */ = {isa = PBXFileReference; lastKnownFileType = text.plist.xml; path = Info.plist; sourceTree = "<group>"; };
		9CC754201CC4EBCC00BA2703 /* SegueAdditionTests.xctest */ = {isa = PBXFileReference; explicitFileType = wrapper.cfbundle; includeInIndex = 0; path = SegueAdditionTests.xctest; sourceTree = BUILT_PRODUCTS_DIR; };
		9CC754241CC4EBCD00BA2703 /* SegueAdditionTests.swift */ = {isa = PBXFileReference; lastKnownFileType = sourcecode.swift; path = SegueAdditionTests.swift; sourceTree = "<group>"; };
		9CC754261CC4EBCD00BA2703 /* Info.plist */ = {isa = PBXFileReference; lastKnownFileType = text.plist.xml; path = Info.plist; sourceTree = "<group>"; };
		9CC7542B1CC4EBCD00BA2703 /* SegueAdditionUITests.xctest */ = {isa = PBXFileReference; explicitFileType = wrapper.cfbundle; includeInIndex = 0; path = SegueAdditionUITests.xctest; sourceTree = BUILT_PRODUCTS_DIR; };
		9CC7542F1CC4EBCD00BA2703 /* SegueAdditionUITests.swift */ = {isa = PBXFileReference; lastKnownFileType = sourcecode.swift; path = SegueAdditionUITests.swift; sourceTree = "<group>"; };
		9CC754311CC4EBCD00BA2703 /* Info.plist */ = {isa = PBXFileReference; lastKnownFileType = text.plist.xml; path = Info.plist; sourceTree = "<group>"; };
		9CE69D711CC7B0FB0098C12A /* SegueAddition.swift */ = {isa = PBXFileReference; fileEncoding = 4; lastKnownFileType = sourcecode.swift; path = SegueAddition.swift; sourceTree = "<group>"; };
/* End PBXFileReference section */

/* Begin PBXFrameworksBuildPhase section */
		9CC754091CC4EBCC00BA2703 /* Frameworks */ = {
			isa = PBXFrameworksBuildPhase;
			buildActionMask = 2147483647;
			files = (
			);
			runOnlyForDeploymentPostprocessing = 0;
		};
		9CC7541D1CC4EBCC00BA2703 /* Frameworks */ = {
			isa = PBXFrameworksBuildPhase;
			buildActionMask = 2147483647;
			files = (
			);
			runOnlyForDeploymentPostprocessing = 0;
		};
		9CC754281CC4EBCD00BA2703 /* Frameworks */ = {
			isa = PBXFrameworksBuildPhase;
			buildActionMask = 2147483647;
			files = (
			);
			runOnlyForDeploymentPostprocessing = 0;
		};
/* End PBXFrameworksBuildPhase section */

/* Begin PBXGroup section */
		9CC754031CC4EBCC00BA2703 = {
			isa = PBXGroup;
			children = (
				9CE69D701CC7B0FB0098C12A /* Classes */,
				9CC7540E1CC4EBCC00BA2703 /* SegueAddition */,
				9CC754231CC4EBCD00BA2703 /* SegueAdditionTests */,
				9CC7542E1CC4EBCD00BA2703 /* SegueAdditionUITests */,
				9CC7540D1CC4EBCC00BA2703 /* Products */,
			);
			sourceTree = "<group>";
		};
		9CC7540D1CC4EBCC00BA2703 /* Products */ = {
			isa = PBXGroup;
			children = (
				9CC7540C1CC4EBCC00BA2703 /* SegueAddition.app */,
				9CC754201CC4EBCC00BA2703 /* SegueAdditionTests.xctest */,
				9CC7542B1CC4EBCD00BA2703 /* SegueAdditionUITests.xctest */,
			);
			name = Products;
			sourceTree = "<group>";
		};
		9CC7540E1CC4EBCC00BA2703 /* SegueAddition */ = {
			isa = PBXGroup;
			children = (
				9CC7540F1CC4EBCC00BA2703 /* AppDelegate.swift */,
				9CC754111CC4EBCC00BA2703 /* ViewController.swift */,
				9CC754131CC4EBCC00BA2703 /* Main.storyboard */,
				9CC754161CC4EBCC00BA2703 /* Assets.xcassets */,
				9CC754181CC4EBCC00BA2703 /* LaunchScreen.storyboard */,
				9CC7541B1CC4EBCC00BA2703 /* Info.plist */,
			);
			path = SegueAddition;
			sourceTree = "<group>";
		};
		9CC754231CC4EBCD00BA2703 /* SegueAdditionTests */ = {
			isa = PBXGroup;
			children = (
				9CC754241CC4EBCD00BA2703 /* SegueAdditionTests.swift */,
				9CC754261CC4EBCD00BA2703 /* Info.plist */,
			);
			path = SegueAdditionTests;
			sourceTree = "<group>";
		};
		9CC7542E1CC4EBCD00BA2703 /* SegueAdditionUITests */ = {
			isa = PBXGroup;
			children = (
				9CC7542F1CC4EBCD00BA2703 /* SegueAdditionUITests.swift */,
				9CC754311CC4EBCD00BA2703 /* Info.plist */,
			);
			path = SegueAdditionUITests;
			sourceTree = "<group>";
		};
		9CE69D701CC7B0FB0098C12A /* Classes */ = {
			isa = PBXGroup;
			children = (
				9CE69D711CC7B0FB0098C12A /* SegueAddition.swift */,
			);
			path = Classes;
			sourceTree = "<group>";
		};
/* End PBXGroup section */

/* Begin PBXNativeTarget section */
		9CC7540B1CC4EBCC00BA2703 /* SegueAddition */ = {
			isa = PBXNativeTarget;
			buildConfigurationList = 9CC754341CC4EBCD00BA2703 /* Build configuration list for PBXNativeTarget "SegueAddition" */;
			buildPhases = (
				9CC754081CC4EBCC00BA2703 /* Sources */,
				9CC754091CC4EBCC00BA2703 /* Frameworks */,
				9CC7540A1CC4EBCC00BA2703 /* Resources */,
			);
			buildRules = (
			);
			dependencies = (
			);
			name = SegueAddition;
			productName = SegueAddition;
			productReference = 9CC7540C1CC4EBCC00BA2703 /* SegueAddition.app */;
			productType = "com.apple.product-type.application";
		};
		9CC7541F1CC4EBCC00BA2703 /* SegueAdditionTests */ = {
			isa = PBXNativeTarget;
			buildConfigurationList = 9CC754371CC4EBCD00BA2703 /* Build configuration list for PBXNativeTarget "SegueAdditionTests" */;
			buildPhases = (
				9CC7541C1CC4EBCC00BA2703 /* Sources */,
				9CC7541D1CC4EBCC00BA2703 /* Frameworks */,
				9CC7541E1CC4EBCC00BA2703 /* Resources */,
			);
			buildRules = (
			);
			dependencies = (
				9CC754221CC4EBCC00BA2703 /* PBXTargetDependency */,
			);
			name = SegueAdditionTests;
			productName = SegueAdditionTests;
			productReference = 9CC754201CC4EBCC00BA2703 /* SegueAdditionTests.xctest */;
			productType = "com.apple.product-type.bundle.unit-test";
		};
		9CC7542A1CC4EBCD00BA2703 /* SegueAdditionUITests */ = {
			isa = PBXNativeTarget;
			buildConfigurationList = 9CC7543A1CC4EBCD00BA2703 /* Build configuration list for PBXNativeTarget "SegueAdditionUITests" */;
			buildPhases = (
				9CC754271CC4EBCD00BA2703 /* Sources */,
				9CC754281CC4EBCD00BA2703 /* Frameworks */,
				9CC754291CC4EBCD00BA2703 /* Resources */,
			);
			buildRules = (
			);
			dependencies = (
				9CC7542D1CC4EBCD00BA2703 /* PBXTargetDependency */,
			);
			name = SegueAdditionUITests;
			productName = SegueAdditionUITests;
			productReference = 9CC7542B1CC4EBCD00BA2703 /* SegueAdditionUITests.xctest */;
			productType = "com.apple.product-type.bundle.ui-testing";
		};
/* End PBXNativeTarget section */

/* Begin PBXProject section */
		9CC754041CC4EBCC00BA2703 /* Project object */ = {
			isa = PBXProject;
			attributes = {
				LastSwiftUpdateCheck = 0730;
				LastUpgradeCheck = 0730;
				ORGANIZATIONNAME = kingkong999yhirose;
				TargetAttributes = {
					9CC7540B1CC4EBCC00BA2703 = {
						CreatedOnToolsVersion = 7.3;
						DevelopmentTeam = YLA43D3B9F;
						LastSwiftMigration = 0920;
					};
					9CC7541F1CC4EBCC00BA2703 = {
						CreatedOnToolsVersion = 7.3;
						DevelopmentTeam = YLA43D3B9F;
						LastSwiftMigration = 0920;
						TestTargetID = 9CC7540B1CC4EBCC00BA2703;
					};
					9CC7542A1CC4EBCD00BA2703 = {
						CreatedOnToolsVersion = 7.3;
						DevelopmentTeam = YLA43D3B9F;
						LastSwiftMigration = 0920;
						ProvisioningStyle = Automatic;
						TestTargetID = 9CC7540B1CC4EBCC00BA2703;
					};
				};
			};
			buildConfigurationList = 9CC754071CC4EBCC00BA2703 /* Build configuration list for PBXProject "SegueAddition" */;
			compatibilityVersion = "Xcode 3.2";
			developmentRegion = English;
			hasScannedForEncodings = 0;
			knownRegions = (
				en,
				Base,
			);
			mainGroup = 9CC754031CC4EBCC00BA2703;
			productRefGroup = 9CC7540D1CC4EBCC00BA2703 /* Products */;
			projectDirPath = "";
			projectRoot = "";
			targets = (
				9CC7540B1CC4EBCC00BA2703 /* SegueAddition */,
				9CC7541F1CC4EBCC00BA2703 /* SegueAdditionTests */,
				9CC7542A1CC4EBCD00BA2703 /* SegueAdditionUITests */,
			);
		};
/* End PBXProject section */

/* Begin PBXResourcesBuildPhase section */
		9CC7540A1CC4EBCC00BA2703 /* Resources */ = {
			isa = PBXResourcesBuildPhase;
			buildActionMask = 2147483647;
			files = (
				9CC7541A1CC4EBCC00BA2703 /* LaunchScreen.storyboard in Resources */,
				9CC754171CC4EBCC00BA2703 /* Assets.xcassets in Resources */,
				9CC754151CC4EBCC00BA2703 /* Main.storyboard in Resources */,
			);
			runOnlyForDeploymentPostprocessing = 0;
		};
		9CC7541E1CC4EBCC00BA2703 /* Resources */ = {
			isa = PBXResourcesBuildPhase;
			buildActionMask = 2147483647;
			files = (
			);
			runOnlyForDeploymentPostprocessing = 0;
		};
		9CC754291CC4EBCD00BA2703 /* Resources */ = {
			isa = PBXResourcesBuildPhase;
			buildActionMask = 2147483647;
			files = (
			);
			runOnlyForDeploymentPostprocessing = 0;
		};
/* End PBXResourcesBuildPhase section */

/* Begin PBXSourcesBuildPhase section */
		9CC754081CC4EBCC00BA2703 /* Sources */ = {
			isa = PBXSourcesBuildPhase;
			buildActionMask = 2147483647;
			files = (
				9CC754121CC4EBCC00BA2703 /* ViewController.swift in Sources */,
				9CC754101CC4EBCC00BA2703 /* AppDelegate.swift in Sources */,
				9CE69D721CC7B0FB0098C12A /* SegueAddition.swift in Sources */,
			);
			runOnlyForDeploymentPostprocessing = 0;
		};
		9CC7541C1CC4EBCC00BA2703 /* Sources */ = {
			isa = PBXSourcesBuildPhase;
			buildActionMask = 2147483647;
			files = (
				9CC754251CC4EBCD00BA2703 /* SegueAdditionTests.swift in Sources */,
			);
			runOnlyForDeploymentPostprocessing = 0;
		};
		9CC754271CC4EBCD00BA2703 /* Sources */ = {
			isa = PBXSourcesBuildPhase;
			buildActionMask = 2147483647;
			files = (
				9CC754301CC4EBCD00BA2703 /* SegueAdditionUITests.swift in Sources */,
			);
			runOnlyForDeploymentPostprocessing = 0;
		};
/* End PBXSourcesBuildPhase section */

/* Begin PBXTargetDependency section */
		9CC754221CC4EBCC00BA2703 /* PBXTargetDependency */ = {
			isa = PBXTargetDependency;
			target = 9CC7540B1CC4EBCC00BA2703 /* SegueAddition */;
			targetProxy = 9CC754211CC4EBCC00BA2703 /* PBXContainerItemProxy */;
		};
		9CC7542D1CC4EBCD00BA2703 /* PBXTargetDependency */ = {
			isa = PBXTargetDependency;
			target = 9CC7540B1CC4EBCC00BA2703 /* SegueAddition */;
			targetProxy = 9CC7542C1CC4EBCD00BA2703 /* PBXContainerItemProxy */;
		};
/* End PBXTargetDependency section */

/* Begin PBXVariantGroup section */
		9CC754131CC4EBCC00BA2703 /* Main.storyboard */ = {
			isa = PBXVariantGroup;
			children = (
				9CC754141CC4EBCC00BA2703 /* Base */,
			);
			name = Main.storyboard;
			sourceTree = "<group>";
		};
		9CC754181CC4EBCC00BA2703 /* LaunchScreen.storyboard */ = {
			isa = PBXVariantGroup;
			children = (
				9CC754191CC4EBCC00BA2703 /* Base */,
			);
			name = LaunchScreen.storyboard;
			sourceTree = "<group>";
		};
/* End PBXVariantGroup section */

/* Begin XCBuildConfiguration section */
		9CC754321CC4EBCD00BA2703 /* Debug */ = {
			isa = XCBuildConfiguration;
			buildSettings = {
				ALWAYS_SEARCH_USER_PATHS = NO;
				CLANG_ANALYZER_NONNULL = YES;
				CLANG_CXX_LANGUAGE_STANDARD = "gnu++0x";
				CLANG_CXX_LIBRARY = "libc++";
				CLANG_ENABLE_MODULES = YES;
				CLANG_ENABLE_OBJC_ARC = YES;
				CLANG_WARN_BOOL_CONVERSION = YES;
				CLANG_WARN_CONSTANT_CONVERSION = YES;
				CLANG_WARN_DIRECT_OBJC_ISA_USAGE = YES_ERROR;
				CLANG_WARN_EMPTY_BODY = YES;
				CLANG_WARN_ENUM_CONVERSION = YES;
				CLANG_WARN_INT_CONVERSION = YES;
				CLANG_WARN_OBJC_ROOT_CLASS = YES_ERROR;
				CLANG_WARN_UNREACHABLE_CODE = YES;
				CLANG_WARN__DUPLICATE_METHOD_MATCH = YES;
				"CODE_SIGN_IDENTITY[sdk=iphoneos*]" = "iPhone Developer";
				COPY_PHASE_STRIP = NO;
				DEBUG_INFORMATION_FORMAT = dwarf;
				ENABLE_STRICT_OBJC_MSGSEND = YES;
				ENABLE_TESTABILITY = YES;
				GCC_C_LANGUAGE_STANDARD = gnu99;
				GCC_DYNAMIC_NO_PIC = NO;
				GCC_NO_COMMON_BLOCKS = YES;
				GCC_OPTIMIZATION_LEVEL = 0;
				GCC_PREPROCESSOR_DEFINITIONS = (
					"DEBUG=1",
					"$(inherited)",
				);
				GCC_WARN_64_TO_32_BIT_CONVERSION = YES;
				GCC_WARN_ABOUT_RETURN_TYPE = YES_ERROR;
				GCC_WARN_UNDECLARED_SELECTOR = YES;
				GCC_WARN_UNINITIALIZED_AUTOS = YES_AGGRESSIVE;
				GCC_WARN_UNUSED_FUNCTION = YES;
				GCC_WARN_UNUSED_VARIABLE = YES;
				IPHONEOS_DEPLOYMENT_TARGET = 9.0;
				MTL_ENABLE_DEBUG_INFO = YES;
				ONLY_ACTIVE_ARCH = YES;
				SDKROOT = iphoneos;
				SWIFT_OPTIMIZATION_LEVEL = "-Onone";
			};
			name = Debug;
		};
		9CC754331CC4EBCD00BA2703 /* Release */ = {
			isa = XCBuildConfiguration;
			buildSettings = {
				ALWAYS_SEARCH_USER_PATHS = NO;
				CLANG_ANALYZER_NONNULL = YES;
				CLANG_CXX_LANGUAGE_STANDARD = "gnu++0x";
				CLANG_CXX_LIBRARY = "libc++";
				CLANG_ENABLE_MODULES = YES;
				CLANG_ENABLE_OBJC_ARC = YES;
				CLANG_WARN_BOOL_CONVERSION = YES;
				CLANG_WARN_CONSTANT_CONVERSION = YES;
				CLANG_WARN_DIRECT_OBJC_ISA_USAGE = YES_ERROR;
				CLANG_WARN_EMPTY_BODY = YES;
				CLANG_WARN_ENUM_CONVERSION = YES;
				CLANG_WARN_INT_CONVERSION = YES;
				CLANG_WARN_OBJC_ROOT_CLASS = YES_ERROR;
				CLANG_WARN_UNREACHABLE_CODE = YES;
				CLANG_WARN__DUPLICATE_METHOD_MATCH = YES;
				"CODE_SIGN_IDENTITY[sdk=iphoneos*]" = "iPhone Developer";
				COPY_PHASE_STRIP = NO;
				DEBUG_INFORMATION_FORMAT = "dwarf-with-dsym";
				ENABLE_NS_ASSERTIONS = NO;
				ENABLE_STRICT_OBJC_MSGSEND = YES;
				GCC_C_LANGUAGE_STANDARD = gnu99;
				GCC_NO_COMMON_BLOCKS = YES;
				GCC_WARN_64_TO_32_BIT_CONVERSION = YES;
				GCC_WARN_ABOUT_RETURN_TYPE = YES_ERROR;
				GCC_WARN_UNDECLARED_SELECTOR = YES;
				GCC_WARN_UNINITIALIZED_AUTOS = YES_AGGRESSIVE;
				GCC_WARN_UNUSED_FUNCTION = YES;
				GCC_WARN_UNUSED_VARIABLE = YES;
				IPHONEOS_DEPLOYMENT_TARGET = 9.0;
				MTL_ENABLE_DEBUG_INFO = NO;
				SDKROOT = iphoneos;
				VALIDATE_PRODUCT = YES;
			};
			name = Release;
		};
		9CC754351CC4EBCD00BA2703 /* Debug */ = {
			isa = XCBuildConfiguration;
			buildSettings = {
				ASSETCATALOG_COMPILER_APPICON_NAME = AppIcon;
				DEVELOPMENT_TEAM = YLA43D3B9F;
				INFOPLIST_FILE = SegueAddition/Info.plist;
				LD_RUNPATH_SEARCH_PATHS = "$(inherited) @executable_path/Frameworks";
				PRODUCT_BUNDLE_IDENTIFIER = com.sample.SegueAddition;
				PRODUCT_NAME = "$(TARGET_NAME)";
				SWIFT_SWIFT3_OBJC_INFERENCE = On;
				SWIFT_VERSION = 4.0;
			};
			name = Debug;
		};
		9CC754361CC4EBCD00BA2703 /* Release */ = {
			isa = XCBuildConfiguration;
			buildSettings = {
				ASSETCATALOG_COMPILER_APPICON_NAME = AppIcon;
				DEVELOPMENT_TEAM = YLA43D3B9F;
				INFOPLIST_FILE = SegueAddition/Info.plist;
				LD_RUNPATH_SEARCH_PATHS = "$(inherited) @executable_path/Frameworks";
				PRODUCT_BUNDLE_IDENTIFIER = com.sample.SegueAddition;
				PRODUCT_NAME = "$(TARGET_NAME)";
				SWIFT_SWIFT3_OBJC_INFERENCE = On;
				SWIFT_VERSION = 4.0;
			};
			name = Release;
		};
		9CC754381CC4EBCD00BA2703 /* Debug */ = {
			isa = XCBuildConfiguration;
			buildSettings = {
				BUNDLE_LOADER = "$(TEST_HOST)";
				DEVELOPMENT_TEAM = YLA43D3B9F;
				INFOPLIST_FILE = SegueAdditionTests/Info.plist;
				LD_RUNPATH_SEARCH_PATHS = "$(inherited) @executable_path/Frameworks @loader_path/Frameworks";
				PRODUCT_BUNDLE_IDENTIFIER = com.sample.SegueAdditionTests;
				PRODUCT_NAME = "$(TARGET_NAME)";
				SWIFT_SWIFT3_OBJC_INFERENCE = On;
				SWIFT_VERSION = 4.0;
				TEST_HOST = "$(BUILT_PRODUCTS_DIR)/SegueAddition.app/SegueAddition";
			};
			name = Debug;
		};
		9CC754391CC4EBCD00BA2703 /* Release */ = {
			isa = XCBuildConfiguration;
			buildSettings = {
				BUNDLE_LOADER = "$(TEST_HOST)";
				DEVELOPMENT_TEAM = YLA43D3B9F;
				INFOPLIST_FILE = SegueAdditionTests/Info.plist;
				LD_RUNPATH_SEARCH_PATHS = "$(inherited) @executable_path/Frameworks @loader_path/Frameworks";
				PRODUCT_BUNDLE_IDENTIFIER = com.sample.SegueAdditionTests;
				PRODUCT_NAME = "$(TARGET_NAME)";
				SWIFT_SWIFT3_OBJC_INFERENCE = On;
				SWIFT_VERSION = 4.0;
				TEST_HOST = "$(BUILT_PRODUCTS_DIR)/SegueAddition.app/SegueAddition";
			};
			name = Release;
		};
		9CC7543B1CC4EBCD00BA2703 /* Debug */ = {
			isa = XCBuildConfiguration;
			buildSettings = {
				"CODE_SIGN_IDENTITY[sdk=iphoneos*]" = "iPhone Developer";
				DEVELOPMENT_TEAM = YLA43D3B9F;
				INFOPLIST_FILE = SegueAdditionUITests/Info.plist;
				LD_RUNPATH_SEARCH_PATHS = "$(inherited) @executable_path/Frameworks @loader_path/Frameworks";
				PRODUCT_BUNDLE_IDENTIFIER = com.sample.SegueAdditionUITests;
				PRODUCT_NAME = "$(TARGET_NAME)";
				SWIFT_SWIFT3_OBJC_INFERENCE = On;
				SWIFT_VERSION = 4.0;
				TEST_TARGET_NAME = SegueAddition;
			};
			name = Debug;
		};
		9CC7543C1CC4EBCD00BA2703 /* Release */ = {
			isa = XCBuildConfiguration;
			buildSettings = {
				"CODE_SIGN_IDENTITY[sdk=iphoneos*]" = "iPhone Developer";
				DEVELOPMENT_TEAM = YLA43D3B9F;
				INFOPLIST_FILE = SegueAdditionUITests/Info.plist;
				LD_RUNPATH_SEARCH_PATHS = "$(inherited) @executable_path/Frameworks @loader_path/Frameworks";
				PRODUCT_BUNDLE_IDENTIFIER = com.sample.SegueAdditionUITests;
				PRODUCT_NAME = "$(TARGET_NAME)";
				SWIFT_SWIFT3_OBJC_INFERENCE = On;
				SWIFT_VERSION = 4.0;
				TEST_TARGET_NAME = SegueAddition;
			};
			name = Release;
		};
/* End XCBuildConfiguration section */

/* Begin XCConfigurationList section */
		9CC754071CC4EBCC00BA2703 /* Build configuration list for PBXProject "SegueAddition" */ = {
			isa = XCConfigurationList;
			buildConfigurations = (
				9CC754321CC4EBCD00BA2703 /* Debug */,
				9CC754331CC4EBCD00BA2703 /* Release */,
			);
			defaultConfigurationIsVisible = 0;
			defaultConfigurationName = Release;
		};
		9CC754341CC4EBCD00BA2703 /* Build configuration list for PBXNativeTarget "SegueAddition" */ = {
			isa = XCConfigurationList;
			buildConfigurations = (
				9CC754351CC4EBCD00BA2703 /* Debug */,
				9CC754361CC4EBCD00BA2703 /* Release */,
			);
			defaultConfigurationIsVisible = 0;
			defaultConfigurationName = Release;
		};
		9CC754371CC4EBCD00BA2703 /* Build configuration list for PBXNativeTarget "SegueAdditionTests" */ = {
			isa = XCConfigurationList;
			buildConfigurations = (
				9CC754381CC4EBCD00BA2703 /* Debug */,
				9CC754391CC4EBCD00BA2703 /* Release */,
			);
			defaultConfigurationIsVisible = 0;
			defaultConfigurationName = Release;
		};
		9CC7543A1CC4EBCD00BA2703 /* Build configuration list for PBXNativeTarget "SegueAdditionUITests" */ = {
			isa = XCConfigurationList;
			buildConfigurations = (
				9CC7543B1CC4EBCD00BA2703 /* Debug */,
				9CC7543C1CC4EBCD00BA2703 /* Release */,
			);
			defaultConfigurationIsVisible = 0;
			defaultConfigurationName = Release;
		};
/* End XCConfigurationList section */
	};
	rootObject = 9CC754041CC4EBCC00BA2703 /* Project object */;
}
